
Microsoft Visual Studio Solution File, Format Version 12.00
# Visual Studio Version 17
VisualStudioVersion = 17.4.33213.308
MinimumVisualStudioVersion = 10.0.40219.1
Project("{2150E333-8FDC-42A3-9474-1A3956D46DE8}") = "1. Enterprise Business Rules", "1. Enterprise Business Rules", "{66373576-9448-45FD-92F1-AD50B72CD85B}"
EndProject
Project("{2150E333-8FDC-42A3-9474-1A3956D46DE8}") = "2. Application Business Rules", "2. Application Business Rules", "{46D5C08A-36CA-4A55-93B3-CA7D9D647642}"
EndProject
Project("{2150E333-8FDC-42A3-9474-1A3956D46DE8}") = "3. Interface Adapters", "3. Interface Adapters", "{73DA6F04-2556-4A68-8694-366A8118C19B}"
EndProject
Project("{2150E333-8FDC-42A3-9474-1A3956D46DE8}") = "4. Frameworks And Drivers", "4. Frameworks And Drivers", "{23133FBF-9005-4F01-90B9-1651F985EF7C}"
EndProject
Project("{9A19103F-16F7-4668-BE54-9A1E7A4F7556}") = "BlazingPizza.BusinessObjects", "BlazingPizza.BusinessObjects\BlazingPizza.BusinessObjects.csproj", "{2C9DDF77-835A-41CF-BC49-F8594D73B8A9}"
EndProject
Project("{2150E333-8FDC-42A3-9474-1A3956D46DE8}") = "Models", "Models", "{CC58532E-E0B6-4562-AA0E-0AEC9146BD14}"
EndProject
Project("{9A19103F-16F7-4668-BE54-9A1E7A4F7556}") = "BlazingPizza.Models", "BlazingPizza.Models\BlazingPizza.Models.csproj", "{2DF034FC-7312-4C03-9B2C-FDBED9FA5349}"
EndProject
Project("{2150E333-8FDC-42A3-9474-1A3956D46DE8}") = "ViewModels", "ViewModels", "{363B2827-732D-471E-BFF0-4B68CA48960C}"
EndProject
Project("{9A19103F-16F7-4668-BE54-9A1E7A4F7556}") = "BlazingPizza.ViewModels", "BlazingPizza.ViewModels\BlazingPizza.ViewModels.csproj", "{AEE707A7-8CA0-4D89-A277-05839CDA839F}"
EndProject
Project("{2150E333-8FDC-42A3-9474-1A3956D46DE8}") = "Views", "Views", "{0F47EB6F-88D3-40CC-887E-1870103A28DD}"
EndProject
Project("{9A19103F-16F7-4668-BE54-9A1E7A4F7556}") = "BlazingPizza.Razor.Views", "BlazingPizza.Razor.Views\BlazingPizza.Razor.Views.csproj", "{9B6B06F7-BA6E-47B4-A1C4-6BBFF2D897A1}"
EndProject
Project("{2150E333-8FDC-42A3-9474-1A3956D46DE8}") = "IoCs", "IoCs", "{774B0DD6-223F-4777-AE5A-D4EB75234B74}"
EndProject
Project("{9A19103F-16F7-4668-BE54-9A1E7A4F7556}") = "BlazingPizza.Frontend.IoC", "BlazingPizza.Frontend.IoC\BlazingPizza.Frontend.IoC.csproj", "{EC5597DB-4924-4D9B-B1DB-9D547A83DE2C}"
EndProject
Project("{2150E333-8FDC-42A3-9474-1A3956D46DE8}") = "UIs", "UIs", "{29E9501E-151C-4B3E-8D85-CF10F075C67B}"
EndProject
Project("{9A19103F-16F7-4668-BE54-9A1E7A4F7556}") = "BlazingPizza.BlazorClient", "BlazingPizza.BlazorClient\BlazingPizza.BlazorClient.csproj", "{97FD2E90-A7B4-4146-8B7A-E4F4AB862BA8}"
EndProject
Project("{9A19103F-16F7-4668-BE54-9A1E7A4F7556}") = "BlazingPizza.WPFClient", "BlazingPizza.WPFClient\BlazingPizza.WPFClient.csproj", "{8EF0E408-773F-4F68-9547-73D1124874DD}"
EndProject
Project("{9A19103F-16F7-4668-BE54-9A1E7A4F7556}") = "BlazingPizza.WinFormsClient", "BlazingPizza.WinFormsClient\BlazingPizza.WinFormsClient.csproj", "{88F62B02-BEE6-45C3-9A3A-9B246C7271AE}"
EndProject
Project("{9A19103F-16F7-4668-BE54-9A1E7A4F7556}") = "BlazingPizza.MAUIClient", "BlazingPizza.MAUIClient\BlazingPizza.MAUIClient.csproj", "{8382032E-2BF2-4480-9231-4D5C4217C924}"
EndProject
Project("{9A19103F-16F7-4668-BE54-9A1E7A4F7556}") = "BlazingPizza.UseCases", "BlazingPizza.UseCases\BlazingPizza.UseCases.csproj", "{5393FA6F-29DB-4B95-A2D0-AB9B72729F53}"
EndProject
Project("{2150E333-8FDC-42A3-9474-1A3956D46DE8}") = "Gateways", "Gateways", "{DA2399D2-0110-48B7-8E8A-430A87A98497}"
EndProject
Project("{2150E333-8FDC-42A3-9474-1A3956D46DE8}") = "Repositories", "Repositories", "{897438A7-D868-456F-8051-8E7E06007027}"
EndProject
Project("{9A19103F-16F7-4668-BE54-9A1E7A4F7556}") = "BlazingPizza.EFCore.Repositories", "BlazingPizza.EFCore.Repositories\BlazingPizza.EFCore.Repositories.csproj", "{D1E49E99-F279-415F-A540-205A8C2E26E5}"
EndProject
Project("{2150E333-8FDC-42A3-9474-1A3956D46DE8}") = "Controllers", "Controllers", "{D8F1A8D5-3BFF-4E29-B425-78CE84D79F0A}"
EndProject
Project("{9A19103F-16F7-4668-BE54-9A1E7A4F7556}") = "BlazingPizza.Controllers", "BlazingPizza.Controllers\BlazingPizza.Controllers.csproj", "{5E798CB4-FAAF-4B1A-B1D2-B155807BEA96}"
EndProject
Project("{9A19103F-16F7-4668-BE54-9A1E7A4F7556}") = "BlazingPizza.Backend.IoC", "BlazingPizza.Backend.IoC\BlazingPizza.Backend.IoC.csproj", "{D7F15B5B-FA04-4A1D-A6AA-AD392356F3B7}"
EndProject
Project("{9A19103F-16F7-4668-BE54-9A1E7A4F7556}") = "BlazingPizza.WebApi", "BlazingPizza.WebApi\BlazingPizza.WebApi.csproj", "{A92155A0-F341-4A67-A50D-59B2AE54EE64}"
EndProject
Project("{2150E333-8FDC-42A3-9474-1A3956D46DE8}") = "Presenters", "Presenters", "{0F23EC4F-4B69-47DB-A486-BBC99E106663}"
EndProject
Project("{9A19103F-16F7-4668-BE54-9A1E7A4F7556}") = "BlazingPizza.Presenters", "BlazingPizza.Presenters\BlazingPizza.Presenters.csproj", "{BB59940B-75CC-40E0-9EB7-0AC87C0D6D52}"
EndProject
Project("{2150E333-8FDC-42A3-9474-1A3956D46DE8}") = "WebApiGateways", "WebApiGateways", "{F4D88255-5142-4866-85E0-F26DFD120BD1}"
EndProject
Project("{9A19103F-16F7-4668-BE54-9A1E7A4F7556}") = "BlazingPizza.Gateways", "BlazingPizza.Gateways\BlazingPizza.Gateways.csproj", "{C9901E72-3E6E-4DE5-9A60-614EF35E1DFE}"
EndProject
Global
	GlobalSection(SolutionConfigurationPlatforms) = preSolution
		Debug|Any CPU = Debug|Any CPU
		Release|Any CPU = Release|Any CPU
	EndGlobalSection
	GlobalSection(ProjectConfigurationPlatforms) = postSolution
		{2C9DDF77-835A-41CF-BC49-F8594D73B8A9}.Debug|Any CPU.ActiveCfg = Debug|Any CPU
		{2C9DDF77-835A-41CF-BC49-F8594D73B8A9}.Debug|Any CPU.Build.0 = Debug|Any CPU
		{2C9DDF77-835A-41CF-BC49-F8594D73B8A9}.Release|Any CPU.ActiveCfg = Release|Any CPU
		{2C9DDF77-835A-41CF-BC49-F8594D73B8A9}.Release|Any CPU.Build.0 = Release|Any CPU
		{2DF034FC-7312-4C03-9B2C-FDBED9FA5349}.Debug|Any CPU.ActiveCfg = Debug|Any CPU
		{2DF034FC-7312-4C03-9B2C-FDBED9FA5349}.Debug|Any CPU.Build.0 = Debug|Any CPU
		{2DF034FC-7312-4C03-9B2C-FDBED9FA5349}.Release|Any CPU.ActiveCfg = Release|Any CPU
		{2DF034FC-7312-4C03-9B2C-FDBED9FA5349}.Release|Any CPU.Build.0 = Release|Any CPU
		{AEE707A7-8CA0-4D89-A277-05839CDA839F}.Debug|Any CPU.ActiveCfg = Debug|Any CPU
		{AEE707A7-8CA0-4D89-A277-05839CDA839F}.Debug|Any CPU.Build.0 = Debug|Any CPU
		{AEE707A7-8CA0-4D89-A277-05839CDA839F}.Release|Any CPU.ActiveCfg = Release|Any CPU
		{AEE707A7-8CA0-4D89-A277-05839CDA839F}.Release|Any CPU.Build.0 = Release|Any CPU
		{9B6B06F7-BA6E-47B4-A1C4-6BBFF2D897A1}.Debug|Any CPU.ActiveCfg = Debug|Any CPU
		{9B6B06F7-BA6E-47B4-A1C4-6BBFF2D897A1}.Debug|Any CPU.Build.0 = Debug|Any CPU
		{9B6B06F7-BA6E-47B4-A1C4-6BBFF2D897A1}.Release|Any CPU.ActiveCfg = Release|Any CPU
		{9B6B06F7-BA6E-47B4-A1C4-6BBFF2D897A1}.Release|Any CPU.Build.0 = Release|Any CPU
		{EC5597DB-4924-4D9B-B1DB-9D547A83DE2C}.Debug|Any CPU.ActiveCfg = Debug|Any CPU
		{EC5597DB-4924-4D9B-B1DB-9D547A83DE2C}.Debug|Any CPU.Build.0 = Debug|Any CPU
		{EC5597DB-4924-4D9B-B1DB-9D547A83DE2C}.Release|Any CPU.ActiveCfg = Release|Any CPU
		{EC5597DB-4924-4D9B-B1DB-9D547A83DE2C}.Release|Any CPU.Build.0 = Release|Any CPU
		{97FD2E90-A7B4-4146-8B7A-E4F4AB862BA8}.Debug|Any CPU.ActiveCfg = Debug|Any CPU
		{97FD2E90-A7B4-4146-8B7A-E4F4AB862BA8}.Debug|Any CPU.Build.0 = Debug|Any CPU
		{97FD2E90-A7B4-4146-8B7A-E4F4AB862BA8}.Release|Any CPU.ActiveCfg = Release|Any CPU
		{97FD2E90-A7B4-4146-8B7A-E4F4AB862BA8}.Release|Any CPU.Build.0 = Release|Any CPU
		{8EF0E408-773F-4F68-9547-73D1124874DD}.Debug|Any CPU.ActiveCfg = Debug|Any CPU
		{8EF0E408-773F-4F68-9547-73D1124874DD}.Debug|Any CPU.Build.0 = Debug|Any CPU
		{8EF0E408-773F-4F68-9547-73D1124874DD}.Release|Any CPU.ActiveCfg = Release|Any CPU
		{8EF0E408-773F-4F68-9547-73D1124874DD}.Release|Any CPU.Build.0 = Release|Any CPU
		{88F62B02-BEE6-45C3-9A3A-9B246C7271AE}.Debug|Any CPU.ActiveCfg = Debug|Any CPU
		{88F62B02-BEE6-45C3-9A3A-9B246C7271AE}.Debug|Any CPU.Build.0 = Debug|Any CPU
		{88F62B02-BEE6-45C3-9A3A-9B246C7271AE}.Release|Any CPU.ActiveCfg = Release|Any CPU
		{88F62B02-BEE6-45C3-9A3A-9B246C7271AE}.Release|Any CPU.Build.0 = Release|Any CPU
		{8382032E-2BF2-4480-9231-4D5C4217C924}.Debug|Any CPU.ActiveCfg = Debug|Any CPU
		{8382032E-2BF2-4480-9231-4D5C4217C924}.Debug|Any CPU.Build.0 = Debug|Any CPU
		{8382032E-2BF2-4480-9231-4D5C4217C924}.Debug|Any CPU.Deploy.0 = Debug|Any CPU
		{8382032E-2BF2-4480-9231-4D5C4217C924}.Release|Any CPU.ActiveCfg = Release|Any CPU
		{8382032E-2BF2-4480-9231-4D5C4217C924}.Release|Any CPU.Build.0 = Release|Any CPU
		{8382032E-2BF2-4480-9231-4D5C4217C924}.Release|Any CPU.Deploy.0 = Release|Any CPU
		{5393FA6F-29DB-4B95-A2D0-AB9B72729F53}.Debug|Any CPU.ActiveCfg = Debug|Any CPU
		{5393FA6F-29DB-4B95-A2D0-AB9B72729F53}.Debug|Any CPU.Build.0 = Debug|Any CPU
		{5393FA6F-29DB-4B95-A2D0-AB9B72729F53}.Release|Any CPU.ActiveCfg = Release|Any CPU
		{5393FA6F-29DB-4B95-A2D0-AB9B72729F53}.Release|Any CPU.Build.0 = Release|Any CPU
		{D1E49E99-F279-415F-A540-205A8C2E26E5}.Debug|Any CPU.ActiveCfg = Debug|Any CPU
		{D1E49E99-F279-415F-A540-205A8C2E26E5}.Debug|Any CPU.Build.0 = Debug|Any CPU
		{D1E49E99-F279-415F-A540-205A8C2E26E5}.Release|Any CPU.ActiveCfg = Release|Any CPU
		{D1E49E99-F279-415F-A540-205A8C2E26E5}.Release|Any CPU.Build.0 = Release|Any CPU
		{5E798CB4-FAAF-4B1A-B1D2-B155807BEA96}.Debug|Any CPU.ActiveCfg = Debug|Any CPU
		{5E798CB4-FAAF-4B1A-B1D2-B155807BEA96}.Debug|Any CPU.Build.0 = Debug|Any CPU
		{5E798CB4-FAAF-4B1A-B1D2-B155807BEA96}.Release|Any CPU.ActiveCfg = Release|Any CPU
		{5E798CB4-FAAF-4B1A-B1D2-B155807BEA96}.Release|Any CPU.Build.0 = Release|Any CPU
		{D7F15B5B-FA04-4A1D-A6AA-AD392356F3B7}.Debug|Any CPU.ActiveCfg = Debug|Any CPU
		{D7F15B5B-FA04-4A1D-A6AA-AD392356F3B7}.Debug|Any CPU.Build.0 = Debug|Any CPU
		{D7F15B5B-FA04-4A1D-A6AA-AD392356F3B7}.Release|Any CPU.ActiveCfg = Release|Any CPU
		{D7F15B5B-FA04-4A1D-A6AA-AD392356F3B7}.Release|Any CPU.Build.0 = Release|Any CPU
		{A92155A0-F341-4A67-A50D-59B2AE54EE64}.Debug|Any CPU.ActiveCfg = Debug|Any CPU
		{A92155A0-F341-4A67-A50D-59B2AE54EE64}.Debug|Any CPU.Build.0 = Debug|Any CPU
		{A92155A0-F341-4A67-A50D-59B2AE54EE64}.Release|Any CPU.ActiveCfg = Release|Any CPU
		{A92155A0-F341-4A67-A50D-59B2AE54EE64}.Release|Any CPU.Build.0 = Release|Any CPU
		{BB59940B-75CC-40E0-9EB7-0AC87C0D6D52}.Debug|Any CPU.ActiveCfg = Debug|Any CPU
		{BB59940B-75CC-40E0-9EB7-0AC87C0D6D52}.Debug|Any CPU.Build.0 = Debug|Any CPU
		{BB59940B-75CC-40E0-9EB7-0AC87C0D6D52}.Release|Any CPU.ActiveCfg = Release|Any CPU
		{BB59940B-75CC-40E0-9EB7-0AC87C0D6D52}.Release|Any CPU.Build.0 = Release|Any CPU
		{C9901E72-3E6E-4DE5-9A60-614EF35E1DFE}.Debug|Any CPU.ActiveCfg = Debug|Any CPU
		{C9901E72-3E6E-4DE5-9A60-614EF35E1DFE}.Debug|Any CPU.Build.0 = Debug|Any CPU
		{C9901E72-3E6E-4DE5-9A60-614EF35E1DFE}.Release|Any CPU.ActiveCfg = Release|Any CPU
		{C9901E72-3E6E-4DE5-9A60-614EF35E1DFE}.Release|Any CPU.Build.0 = Release|Any CPU
	EndGlobalSection
	GlobalSection(SolutionProperties) = preSolution
		HideSolutionNode = FALSE
	EndGlobalSection
	GlobalSection(NestedProjects) = preSolution
		{2C9DDF77-835A-41CF-BC49-F8594D73B8A9} = {46D5C08A-36CA-4A55-93B3-CA7D9D647642}
		{CC58532E-E0B6-4562-AA0E-0AEC9146BD14} = {73DA6F04-2556-4A68-8694-366A8118C19B}
		{2DF034FC-7312-4C03-9B2C-FDBED9FA5349} = {CC58532E-E0B6-4562-AA0E-0AEC9146BD14}
		{363B2827-732D-471E-BFF0-4B68CA48960C} = {73DA6F04-2556-4A68-8694-366A8118C19B}
		{AEE707A7-8CA0-4D89-A277-05839CDA839F} = {363B2827-732D-471E-BFF0-4B68CA48960C}
		{0F47EB6F-88D3-40CC-887E-1870103A28DD} = {73DA6F04-2556-4A68-8694-366A8118C19B}
		{9B6B06F7-BA6E-47B4-A1C4-6BBFF2D897A1} = {0F47EB6F-88D3-40CC-887E-1870103A28DD}
		{774B0DD6-223F-4777-AE5A-D4EB75234B74} = {73DA6F04-2556-4A68-8694-366A8118C19B}
		{EC5597DB-4924-4D9B-B1DB-9D547A83DE2C} = {774B0DD6-223F-4777-AE5A-D4EB75234B74}
		{29E9501E-151C-4B3E-8D85-CF10F075C67B} = {23133FBF-9005-4F01-90B9-1651F985EF7C}
		{97FD2E90-A7B4-4146-8B7A-E4F4AB862BA8} = {29E9501E-151C-4B3E-8D85-CF10F075C67B}
		{8EF0E408-773F-4F68-9547-73D1124874DD} = {29E9501E-151C-4B3E-8D85-CF10F075C67B}
		{88F62B02-BEE6-45C3-9A3A-9B246C7271AE} = {29E9501E-151C-4B3E-8D85-CF10F075C67B}
		{8382032E-2BF2-4480-9231-4D5C4217C924} = {29E9501E-151C-4B3E-8D85-CF10F075C67B}
		{5393FA6F-29DB-4B95-A2D0-AB9B72729F53} = {46D5C08A-36CA-4A55-93B3-CA7D9D647642}
		{DA2399D2-0110-48B7-8E8A-430A87A98497} = {73DA6F04-2556-4A68-8694-366A8118C19B}
		{897438A7-D868-456F-8051-8E7E06007027} = {DA2399D2-0110-48B7-8E8A-430A87A98497}
		{D1E49E99-F279-415F-A540-205A8C2E26E5} = {897438A7-D868-456F-8051-8E7E06007027}
		{D8F1A8D5-3BFF-4E29-B425-78CE84D79F0A} = {73DA6F04-2556-4A68-8694-366A8118C19B}
		{5E798CB4-FAAF-4B1A-B1D2-B155807BEA96} = {D8F1A8D5-3BFF-4E29-B425-78CE84D79F0A}
		{D7F15B5B-FA04-4A1D-A6AA-AD392356F3B7} = {774B0DD6-223F-4777-AE5A-D4EB75234B74}
		{A92155A0-F341-4A67-A50D-59B2AE54EE64} = {29E9501E-151C-4B3E-8D85-CF10F075C67B}
		{0F23EC4F-4B69-47DB-A486-BBC99E106663} = {73DA6F04-2556-4A68-8694-366A8118C19B}
		{BB59940B-75CC-40E0-9EB7-0AC87C0D6D52} = {0F23EC4F-4B69-47DB-A486-BBC99E106663}
		{F4D88255-5142-4866-85E0-F26DFD120BD1} = {DA2399D2-0110-48B7-8E8A-430A87A98497}
		{C9901E72-3E6E-4DE5-9A60-614EF35E1DFE} = {F4D88255-5142-4866-85E0-F26DFD120BD1}
	EndGlobalSection
	GlobalSection(ExtensibilityGlobals) = postSolution
		SolutionGuid = {F50E3712-4DB5-4FE7-901F-482ED0CC1273}
	EndGlobalSection
EndGlobal
